lockfileVersion: '9.0'

settings:
  autoInstallPeers: true
  excludeLinksFromLockfile: false

importers:

  .:
    dependencies:
      browser-fs-access:
        specifier: ^0.35.0
        version: 0.35.0
      file-saver:
        specifier: ^2.0.5
        version: 2.0.5
      js-base64:
        specifier: ^3.7.7
        version: 3.7.7
      json5:
        specifier: ^2.2.3
        version: 2.2.3
      jszip:
        specifier: ^3.10.1
        version: 3.10.1
      localforage:
        specifier: ^1.10.0
        version: 1.10.0
      mdui:
        specifier: ^2.1.3
        version: 2.1.3
      vue:
        specifier: ^3.5.13
        version: 3.5.13(typescript@5.7.3)
    devDependencies:
      '@gkd-kit/api':
        specifier: ^0.6.0
        version: 0.6.0
      '@types/file-saver':
        specifier: ^2.0.7
        version: 2.0.7
      '@vitejs/plugin-vue':
        specifier: ^5.2.1
        version: 5.2.1(vite@6.0.7)(vue@3.5.13(typescript@5.7.3))
      typescript:
        specifier: ^5.7.3
        version: 5.7.3
      vite:
        specifier: ^6.0.7
        version: 6.0.7
      vite-plugin-monkey:
        specifier: 5.0.5
        version: 5.0.5(vite@6.0.7)

packages:

  '@babel/helper-string-parser@7.25.9':
    resolution: {integrity: sha512-4A/SCr/2KLd5jrtOMFzaKjVtAei3+2r/NChoBNoZ3EyP/+GlhoaEGoWOZUmFmoITP7zOJyHIMm+DYRd8o3PvHA==}
    engines: {node: '>=6.9.0'}

  '@babel/helper-validator-identifier@7.25.9':
    resolution: {integrity: sha512-Ed61U6XJc3CVRfkERJWDz4dJwKe7iLmmJsbOGu9wSloNSFttHV0I8g6UAgb7qnK5ly5bGLPd4oXZlxCdANBOWQ==}
    engines: {node: '>=6.9.0'}

  '@babel/parser@7.26.5':
    resolution: {integrity: sha512-SRJ4jYmXRqV1/Xc+TIVG84WjHBXKlxO9sHQnA2Pf12QQEAp1LOh6kDzNHXcUnbH1QI0FDoPPVOt+vyUDucxpaw==}
    engines: {node: '>=6.0.0'}
    hasBin: true

  '@babel/types@7.26.5':
    resolution: {integrity: sha512-L6mZmwFDK6Cjh1nRCLXpa6no13ZIioJDz7mdkzHv399pThrTa/k0nUlNaenOeh2kWu/iaOQYElEpKPUswUa9Vg==}
    engines: {node: '>=6.9.0'}

  '@esbuild/aix-ppc64@0.24.2':
    resolution: {integrity: sha512-thpVCb/rhxE/BnMLQ7GReQLLN8q9qbHmI55F4489/ByVg2aQaQ6kbcLb6FHkocZzQhxc4gx0sCk0tJkKBFzDhA==}
    engines: {node: '>=18'}
    cpu: [ppc64]
    os: [aix]

  '@esbuild/android-arm64@0.24.2':
    resolution: {integrity: sha512-cNLgeqCqV8WxfcTIOeL4OAtSmL8JjcN6m09XIgro1Wi7cF4t/THaWEa7eL5CMoMBdjoHOTh/vwTO/o2TRXIyzg==}
    engines: {node: '>=18'}
    cpu: [arm64]
    os: [android]

  '@esbuild/android-arm@0.24.2':
    resolution: {integrity: sha512-tmwl4hJkCfNHwFB3nBa8z1Uy3ypZpxqxfTQOcHX+xRByyYgunVbZ9MzUUfb0RxaHIMnbHagwAxuTL+tnNM+1/Q==}
    engines: {node: '>=18'}
    cpu: [arm]
    os: [android]

  '@esbuild/android-x64@0.24.2':
    resolution: {integrity: sha512-B6Q0YQDqMx9D7rvIcsXfmJfvUYLoP722bgfBlO5cGvNVb5V/+Y7nhBE3mHV9OpxBf4eAS2S68KZztiPaWq4XYw==}
    engines: {node: '>=18'}
    cpu: [x64]
    os: [android]

  '@esbuild/darwin-arm64@0.24.2':
    resolution: {integrity: sha512-kj3AnYWc+CekmZnS5IPu9D+HWtUI49hbnyqk0FLEJDbzCIQt7hg7ucF1SQAilhtYpIujfaHr6O0UHlzzSPdOeA==}
    engines: {node: '>=18'}
    cpu: [arm64]
    os: [darwin]

  '@esbuild/darwin-x64@0.24.2':
    resolution: {integrity: sha512-WeSrmwwHaPkNR5H3yYfowhZcbriGqooyu3zI/3GGpF8AyUdsrrP0X6KumITGA9WOyiJavnGZUwPGvxvwfWPHIA==}
    engines: {node: '>=18'}
    cpu: [x64]
    os: [darwin]

  '@esbuild/freebsd-arm64@0.24.2':
    resolution: {integrity: sha512-UN8HXjtJ0k/Mj6a9+5u6+2eZ2ERD7Edt1Q9IZiB5UZAIdPnVKDoG7mdTVGhHJIeEml60JteamR3qhsr1r8gXvg==}
    engines: {node: '>=18'}
    cpu: [arm64]
    os: [freebsd]

  '@esbuild/freebsd-x64@0.24.2':
    resolution: {integrity: sha512-TvW7wE/89PYW+IevEJXZ5sF6gJRDY/14hyIGFXdIucxCsbRmLUcjseQu1SyTko+2idmCw94TgyaEZi9HUSOe3Q==}
    engines: {node: '>=18'}
    cpu: [x64]
    os: [freebsd]

  '@esbuild/linux-arm64@0.24.2':
    resolution: {integrity: sha512-7HnAD6074BW43YvvUmE/35Id9/NB7BeX5EoNkK9obndmZBUk8xmJJeU7DwmUeN7tkysslb2eSl6CTrYz6oEMQg==}
    engines: {node: '>=18'}
    cpu: [arm64]
    os: [linux]

  '@esbuild/linux-arm@0.24.2':
    resolution: {integrity: sha512-n0WRM/gWIdU29J57hJyUdIsk0WarGd6To0s+Y+LwvlC55wt+GT/OgkwoXCXvIue1i1sSNWblHEig00GBWiJgfA==}
    engines: {node: '>=18'}
    cpu: [arm]
    os: [linux]

  '@esbuild/linux-ia32@0.24.2':
    resolution: {integrity: sha512-sfv0tGPQhcZOgTKO3oBE9xpHuUqguHvSo4jl+wjnKwFpapx+vUDcawbwPNuBIAYdRAvIDBfZVvXprIj3HA+Ugw==}
    engines: {node: '>=18'}
    cpu: [ia32]
    os: [linux]

  '@esbuild/linux-loong64@0.24.2':
    resolution: {integrity: sha512-CN9AZr8kEndGooS35ntToZLTQLHEjtVB5n7dl8ZcTZMonJ7CCfStrYhrzF97eAecqVbVJ7APOEe18RPI4KLhwQ==}
    engines: {node: '>=18'}
    cpu: [loong64]
    os: [linux]

  '@esbuild/linux-mips64el@0.24.2':
    resolution: {integrity: sha512-iMkk7qr/wl3exJATwkISxI7kTcmHKE+BlymIAbHO8xanq/TjHaaVThFF6ipWzPHryoFsesNQJPE/3wFJw4+huw==}
    engines: {node: '>=18'}
    cpu: [mips64el]
    os: [linux]

  '@esbuild/linux-ppc64@0.24.2':
    resolution: {integrity: sha512-shsVrgCZ57Vr2L8mm39kO5PPIb+843FStGt7sGGoqiiWYconSxwTiuswC1VJZLCjNiMLAMh34jg4VSEQb+iEbw==}
    engines: {node: '>=18'}
    cpu: [ppc64]
    os: [linux]

  '@esbuild/linux-riscv64@0.24.2':
    resolution: {integrity: sha512-4eSFWnU9Hhd68fW16GD0TINewo1L6dRrB+oLNNbYyMUAeOD2yCK5KXGK1GH4qD/kT+bTEXjsyTCiJGHPZ3eM9Q==}
    engines: {node: '>=18'}
    cpu: [riscv64]
    os: [linux]

  '@esbuild/linux-s390x@0.24.2':
    resolution: {integrity: sha512-S0Bh0A53b0YHL2XEXC20bHLuGMOhFDO6GN4b3YjRLK//Ep3ql3erpNcPlEFed93hsQAjAQDNsvcK+hV90FubSw==}
    engines: {node: '>=18'}
    cpu: [s390x]
    os: [linux]

  '@esbuild/linux-x64@0.24.2':
    resolution: {integrity: sha512-8Qi4nQcCTbLnK9WoMjdC9NiTG6/E38RNICU6sUNqK0QFxCYgoARqVqxdFmWkdonVsvGqWhmm7MO0jyTqLqwj0Q==}
    engines: {node: '>=18'}
    cpu: [x64]
    os: [linux]

  '@esbuild/netbsd-arm64@0.24.2':
    resolution: {integrity: sha512-wuLK/VztRRpMt9zyHSazyCVdCXlpHkKm34WUyinD2lzK07FAHTq0KQvZZlXikNWkDGoT6x3TD51jKQ7gMVpopw==}
    engines: {node: '>=18'}
    cpu: [arm64]
    os: [netbsd]

  '@esbuild/netbsd-x64@0.24.2':
    resolution: {integrity: sha512-VefFaQUc4FMmJuAxmIHgUmfNiLXY438XrL4GDNV1Y1H/RW3qow68xTwjZKfj/+Plp9NANmzbH5R40Meudu8mmw==}
    engines: {node: '>=18'}
    cpu: [x64]
    os: [netbsd]

  '@esbuild/openbsd-arm64@0.24.2':
    resolution: {integrity: sha512-YQbi46SBct6iKnszhSvdluqDmxCJA+Pu280Av9WICNwQmMxV7nLRHZfjQzwbPs3jeWnuAhE9Jy0NrnJ12Oz+0A==}
    engines: {node: '>=18'}
    cpu: [arm64]
    os: [openbsd]

  '@esbuild/openbsd-x64@0.24.2':
    resolution: {integrity: sha512-+iDS6zpNM6EnJyWv0bMGLWSWeXGN/HTaF/LXHXHwejGsVi+ooqDfMCCTerNFxEkM3wYVcExkeGXNqshc9iMaOA==}
    engines: {node: '>=18'}
    cpu: [x64]
    os: [openbsd]

  '@esbuild/sunos-x64@0.24.2':
    resolution: {integrity: sha512-hTdsW27jcktEvpwNHJU4ZwWFGkz2zRJUz8pvddmXPtXDzVKTTINmlmga3ZzwcuMpUvLw7JkLy9QLKyGpD2Yxig==}
    engines: {node: '>=18'}
    cpu: [x64]
    os: [sunos]

  '@esbuild/win32-arm64@0.24.2':
    resolution: {integrity: sha512-LihEQ2BBKVFLOC9ZItT9iFprsE9tqjDjnbulhHoFxYQtQfai7qfluVODIYxt1PgdoyQkz23+01rzwNwYfutxUQ==}
    engines: {node: '>=18'}
    cpu: [arm64]
    os: [win32]

  '@esbuild/win32-ia32@0.24.2':
    resolution: {integrity: sha512-q+iGUwfs8tncmFC9pcnD5IvRHAzmbwQ3GPS5/ceCyHdjXubwQWI12MKWSNSMYLJMq23/IUCvJMS76PDqXe1fxA==}
    engines: {node: '>=18'}
    cpu: [ia32]
    os: [win32]

  '@esbuild/win32-x64@0.24.2':
    resolution: {integrity: sha512-7VTgWzgMGvup6aSqDPLiW5zHaxYJGTO4OokMjIlrCtf+VpEL+cXKtCvg723iguPYI5oaUNdS+/V7OU2gvXVWEg==}
    engines: {node: '>=18'}
    cpu: [x64]
    os: [win32]

  '@floating-ui/utils@0.2.9':
    resolution: {integrity: sha512-MDWhGtE+eHw5JW7lq4qhc5yRLS11ERl1c7Z6Xd0a58DozHES6EnNNwUWbMiG4J9Cgj053Bhk8zvlhFYKVhULwg==}

  '@gkd-kit/api@0.6.0':
    resolution: {integrity: sha512-QRzbC3FRVUbsabKRr02QfzKPcez4JAPJqytK+jo8Ts8F0CX5+65Akh3gV/R2tqqzaelvdHjzrgL4j3O6v9KpKQ==}

  '@jridgewell/sourcemap-codec@1.5.0':
    resolution: {integrity: sha512-gv3ZRaISU3fjPAgNsriBRqGWQL6quFx04YMPW/zD8XMLsU32mhCCbfbO6KZFLjvYpCZ8zyDEgqsgf+PwPaM7GQ==}

  '@lit-labs/ssr-dom-shim@1.3.0':
    resolution: {integrity: sha512-nQIWonJ6eFAvUUrSlwyHDm/aE8PBDu5kRpL0vHMg6K8fK3Diq1xdPjTnsJSwxABhaZ+5eBi1btQB5ShUTKo4nQ==}

  '@lit/localize@0.12.2':
    resolution: {integrity: sha512-Qv9kvgJKDq/JVSwXOxuWvQnnOBysHA99ti9im9a4fImCmx+fto+XXcUYQbjZHqiueEEc4V20PcRDPO+1g/6seQ==}

  '@lit/reactive-element@2.0.4':
    resolution: {integrity: sha512-GFn91inaUa2oHLak8awSIigYz0cU0Payr1rcFsrkf5OJ5eSPxElyZfKh0f2p9FsTiZWXQdWGJeXZICEfXXYSXQ==}

  '@material/material-color-utilities@0.3.0':
    resolution: {integrity: sha512-ztmtTd6xwnuh2/xu+Vb01btgV8SQWYCaK56CkRK8gEkWe5TuDyBcYJ0wgkMRn+2VcE9KUmhvkz+N9GHrqw/C0g==}

  '@mdui/jq@3.0.2':
    resolution: {integrity: sha512-Er6cvAgW4RrjWrMBJDnajIiPD99EPYmAWyIgQURhUtO2V1NQQ80oLDo9ILllMoj1idsi1G4EQEqOEdinlH85DQ==}

  '@mdui/shared@1.0.7':
    resolution: {integrity: sha512-rs12tndL8Y4cy8eiGnkWvKMTHOTbwtHpfpFrPvnUm6ajLnAAaHjX7CJkOMjs5sh7cd+ez2Zm77MEgovKAWeeRQ==}

  '@rollup/rollup-android-arm-eabi@4.30.1':
    resolution: {integrity: sha512-pSWY+EVt3rJ9fQ3IqlrEUtXh3cGqGtPDH1FQlNZehO2yYxCHEX1SPsz1M//NXwYfbTlcKr9WObLnJX9FsS9K1Q==}
    cpu: [arm]
    os: [android]

  '@rollup/rollup-android-arm64@4.30.1':
    resolution: {integrity: sha512-/NA2qXxE3D/BRjOJM8wQblmArQq1YoBVJjrjoTSBS09jgUisq7bqxNHJ8kjCHeV21W/9WDGwJEWSN0KQ2mtD/w==}
    cpu: [arm64]
    os: [android]

  '@rollup/rollup-darwin-arm64@4.30.1':
    resolution: {integrity: sha512-r7FQIXD7gB0WJ5mokTUgUWPl0eYIH0wnxqeSAhuIwvnnpjdVB8cRRClyKLQr7lgzjctkbp5KmswWszlwYln03Q==}
    cpu: [arm64]
    os: [darwin]

  '@rollup/rollup-darwin-x64@4.30.1':
    resolution: {integrity: sha512-x78BavIwSH6sqfP2xeI1hd1GpHL8J4W2BXcVM/5KYKoAD3nNsfitQhvWSw+TFtQTLZ9OmlF+FEInEHyubut2OA==}
    cpu: [x64]
    os: [darwin]

  '@rollup/rollup-freebsd-arm64@4.30.1':
    resolution: {integrity: sha512-HYTlUAjbO1z8ywxsDFWADfTRfTIIy/oUlfIDmlHYmjUP2QRDTzBuWXc9O4CXM+bo9qfiCclmHk1x4ogBjOUpUQ==}
    cpu: [arm64]
    os: [freebsd]

  '@rollup/rollup-freebsd-x64@4.30.1':
    resolution: {integrity: sha512-1MEdGqogQLccphhX5myCJqeGNYTNcmTyaic9S7CG3JhwuIByJ7J05vGbZxsizQthP1xpVx7kd3o31eOogfEirw==}
    cpu: [x64]
    os: [freebsd]

  '@rollup/rollup-linux-arm-gnueabihf@4.30.1':
    resolution: {integrity: sha512-PaMRNBSqCx7K3Wc9QZkFx5+CX27WFpAMxJNiYGAXfmMIKC7jstlr32UhTgK6T07OtqR+wYlWm9IxzennjnvdJg==}
    cpu: [arm]
    os: [linux]

  '@rollup/rollup-linux-arm-musleabihf@4.30.1':
    resolution: {integrity: sha512-B8Rcyj9AV7ZlEFqvB5BubG5iO6ANDsRKlhIxySXcF1axXYUyqwBok+XZPgIYGBgs7LDXfWfifxhw0Ik57T0Yug==}
    cpu: [arm]
    os: [linux]

  '@rollup/rollup-linux-arm64-gnu@4.30.1':
    resolution: {integrity: sha512-hqVyueGxAj3cBKrAI4aFHLV+h0Lv5VgWZs9CUGqr1z0fZtlADVV1YPOij6AhcK5An33EXaxnDLmJdQikcn5NEw==}
    cpu: [arm64]
    os: [linux]

  '@rollup/rollup-linux-arm64-musl@4.30.1':
    resolution: {integrity: sha512-i4Ab2vnvS1AE1PyOIGp2kXni69gU2DAUVt6FSXeIqUCPIR3ZlheMW3oP2JkukDfu3PsexYRbOiJrY+yVNSk9oA==}
    cpu: [arm64]
    os: [linux]

  '@rollup/rollup-linux-loongarch64-gnu@4.30.1':
    resolution: {integrity: sha512-fARcF5g296snX0oLGkVxPmysetwUk2zmHcca+e9ObOovBR++9ZPOhqFUM61UUZ2EYpXVPN1redgqVoBB34nTpQ==}
    cpu: [loong64]
    os: [linux]

  '@rollup/rollup-linux-powerpc64le-gnu@4.30.1':
    resolution: {integrity: sha512-GLrZraoO3wVT4uFXh67ElpwQY0DIygxdv0BNW9Hkm3X34wu+BkqrDrkcsIapAY+N2ATEbvak0XQ9gxZtCIA5Rw==}
    cpu: [ppc64]
    os: [linux]

  '@rollup/rollup-linux-riscv64-gnu@4.30.1':
    resolution: {integrity: sha512-0WKLaAUUHKBtll0wvOmh6yh3S0wSU9+yas923JIChfxOaaBarmb/lBKPF0w/+jTVozFnOXJeRGZ8NvOxvk/jcw==}
    cpu: [riscv64]
    os: [linux]

  '@rollup/rollup-linux-s390x-gnu@4.30.1':
    resolution: {integrity: sha512-GWFs97Ruxo5Bt+cvVTQkOJ6TIx0xJDD/bMAOXWJg8TCSTEK8RnFeOeiFTxKniTc4vMIaWvCplMAFBt9miGxgkA==}
    cpu: [s390x]
    os: [linux]

  '@rollup/rollup-linux-x64-gnu@4.30.1':
    resolution: {integrity: sha512-UtgGb7QGgXDIO+tqqJ5oZRGHsDLO8SlpE4MhqpY9Llpzi5rJMvrK6ZGhsRCST2abZdBqIBeXW6WPD5fGK5SDwg==}
    cpu: [x64]
    os: [linux]

  '@rollup/rollup-linux-x64-musl@4.30.1':
    resolution: {integrity: sha512-V9U8Ey2UqmQsBT+xTOeMzPzwDzyXmnAoO4edZhL7INkwQcaW1Ckv3WJX3qrrp/VHaDkEWIBWhRwP47r8cdrOow==}
    cpu: [x64]
    os: [linux]

  '@rollup/rollup-win32-arm64-msvc@4.30.1':
    resolution: {integrity: sha512-WabtHWiPaFF47W3PkHnjbmWawnX/aE57K47ZDT1BXTS5GgrBUEpvOzq0FI0V/UYzQJgdb8XlhVNH8/fwV8xDjw==}
    cpu: [arm64]
    os: [win32]

  '@rollup/rollup-win32-ia32-msvc@4.30.1':
    resolution: {integrity: sha512-pxHAU+Zv39hLUTdQQHUVHf4P+0C47y/ZloorHpzs2SXMRqeAWmGghzAhfOlzFHHwjvgokdFAhC4V+6kC1lRRfw==}
    cpu: [ia32]
    os: [win32]

  '@rollup/rollup-win32-x64-msvc@4.30.1':
    resolution: {integrity: sha512-D6qjsXGcvhTjv0kI4fU8tUuBDF/Ueee4SVX79VfNDXZa64TfCW1Slkb6Z7O1p7vflqZjcmOVdZlqf8gvJxc6og==}
    cpu: [x64]
    os: [win32]

  '@types/estree@1.0.6':
    resolution: {integrity: sha512-AYnb1nQyY49te+VRAVgmzfcgjYS91mY5P0TKUDCLEM+gNnA+3T6rWITXRLYCpahpqSQbN5cE+gHpnPyXjHWxcw==}

  '@types/file-saver@2.0.7':
    resolution: {integrity: sha512-dNKVfHd/jk0SkR/exKGj2ggkB45MAkzvWCaqLUUgkyjITkGNzH8H+yUwr+BLJUBjZOe9w8X3wgmXhZDRg1ED6A==}

  '@types/trusted-types@2.0.7':
    resolution: {integrity: sha512-ScaPdn1dQczgbl0QFTeTOmVHFULt394XJgOQNoyVhZ6r2vLnMLJfBPd53SB52T/3G36VI1/g2MZaX0cwDuXsfw==}

  '@vitejs/plugin-vue@5.2.1':
    resolution: {integrity: sha512-cxh314tzaWwOLqVes2gnnCtvBDcM1UMdn+iFR+UjAn411dPT3tOmqrJjbMd7koZpMAmBM/GqeV4n9ge7JSiJJQ==}
    engines: {node: ^18.0.0 || >=20.0.0}
    peerDependencies:
      vite: ^5.0.0 || ^6.0.0
      vue: ^3.2.25

  '@vue/compiler-core@3.5.13':
    resolution: {integrity: sha512-oOdAkwqUfW1WqpwSYJce06wvt6HljgY3fGeM9NcVA1HaYOij3mZG9Rkysn0OHuyUAGMbEbARIpsG+LPVlBJ5/Q==}

  '@vue/compiler-dom@3.5.13':
    resolution: {integrity: sha512-ZOJ46sMOKUjO3e94wPdCzQ6P1Lx/vhp2RSvfaab88Ajexs0AHeV0uasYhi99WPaogmBlRHNRuly8xV75cNTMDA==}

  '@vue/compiler-sfc@3.5.13':
    resolution: {integrity: sha512-6VdaljMpD82w6c2749Zhf5T9u5uLBWKnVue6XWxprDobftnletJ8+oel7sexFfM3qIxNmVE7LSFGTpv6obNyaQ==}

  '@vue/compiler-ssr@3.5.13':
    resolution: {integrity: sha512-wMH6vrYHxQl/IybKJagqbquvxpWCuVYpoUJfCqFZwa/JY1GdATAQ+TgVtgrwwMZ0D07QhA99rs/EAAWfvG6KpA==}

  '@vue/reactivity@3.5.13':
    resolution: {integrity: sha512-NaCwtw8o48B9I6L1zl2p41OHo/2Z4wqYGGIK1Khu5T7yxrn+ATOixn/Udn2m+6kZKB/J7cuT9DbWWhRxqixACg==}

  '@vue/runtime-core@3.5.13':
    resolution: {integrity: sha512-Fj4YRQ3Az0WTZw1sFe+QDb0aXCerigEpw418pw1HBUKFtnQHWzwojaukAs2X/c9DQz4MQ4bsXTGlcpGxU/RCIw==}

  '@vue/runtime-dom@3.5.13':
    resolution: {integrity: sha512-dLaj94s93NYLqjLiyFzVs9X6dWhTdAlEAciC3Moq7gzAc13VJUdCnjjRurNM6uTLFATRHexHCTu/Xp3eW6yoog==}

  '@vue/server-renderer@3.5.13':
    resolution: {integrity: sha512-wAi4IRJV/2SAW3htkTlB+dHeRmpTiVIK1OGLWV1yeStVSebSQQOwGwIq0D3ZIoBj2C2qpgz5+vX9iEBkTdk5YA==}
    peerDependencies:
      vue: 3.5.13

  '@vue/shared@3.5.13':
    resolution: {integrity: sha512-/hnE/qP5ZoGpol0a5mDi45bOd7t3tjYJBjsgCsivow7D48cJeV5l05RD82lPqi7gRiphZM37rnhW1l6ZoCNNnQ==}

  acorn-walk@8.3.4:
    resolution: {integrity: sha512-ueEepnujpqee2o5aIYnvHU6C0A42MNdsIDeqy5BydrkuC5R1ZuUFnm27EeFJGoEHJQgn3uleRvmTXaJgfXbt4g==}
    engines: {node: '>=0.4.0'}

  acorn@8.14.0:
    resolution: {integrity: sha512-cl669nCJTZBsL97OF4kUQm5g5hC2uihk0NxY3WENAC0TYdILVkAyHymAntgxGkl7K+t0cXIrH5siy5S4XkFycA==}
    engines: {node: '>=0.4.0'}
    hasBin: true

  browser-fs-access@0.35.0:
    resolution: {integrity: sha512-sLoadumpRfsjprP8XzVjpQc0jK8yqHBx0PtUTGYj2fftT+P/t+uyDAQdMgGAPKD011in/O+YYGh7fIs0oG/viw==}

  bundle-name@4.1.0:
    resolution: {integrity: sha512-tjwM5exMg6BGRI+kNmTntNsvdZS1X8BFYS6tnJ2hdH0kVxM6/eVZ2xy+FqStSWvYmtfFMDLIxurorHwDKfDz5Q==}
    engines: {node: '>=18'}

  classcat@5.0.5:
    resolution: {integrity: sha512-JhZUT7JFcQy/EzW605k/ktHtncoo9vnyW/2GspNYwFlN1C/WmjuV/xtS04e9SOkL2sTdw0VAZ2UGCcQ9lR6p6w==}

  core-util-is@1.0.3:
    resolution: {integrity: sha512-ZQBvi1DcpJ4GDqanjucZ2Hj3wEO5pZDS89BWbkcrvdxksJorwUDDZamX9ldFkp9aw2lmBDLgkObEA4DWNJ9FYQ==}

  cross-spawn@7.0.6:
    resolution: {integrity: sha512-uV2QOWP2nWzsy2aMp8aRibhi9dlzF5Hgh5SHaB9OiTGEyDTiJJyx0uy51QXdyWbtAHNua4XJzUKca3OzKUd3vA==}
    engines: {node: '>= 8'}

  csstype@3.1.3:
    resolution: {integrity: sha512-M1uQkMl8rQK/szD0LNhtqxIPLpimGm8sOBwU7lLnCpSbTyY3yeU1Vc7l4KT5zT4s/yOxHH5O7tIuuLOCnLADRw==}

  default-browser-id@5.0.0:
    resolution: {integrity: sha512-A6p/pu/6fyBcA1TRz/GqWYPViplrftcW2gZC9q79ngNCKAeR/X3gcEdXQHl4KNXV+3wgIJ1CPkJQ3IHM6lcsyA==}
    engines: {node: '>=18'}

  default-browser@5.2.1:
    resolution: {integrity: sha512-WY/3TUME0x3KPYdRRxEJJvXRHV4PyPoUsxtZa78lwItwRQRHhd2U9xOscaT/YTf8uCXIAjeJOFBVEh/7FtD8Xg==}
    engines: {node: '>=18'}

  define-lazy-prop@3.0.0:
    resolution: {integrity: sha512-N+MeXYoqr3pOgn8xfyRPREN7gHakLYjhsHhWGT3fWAiL4IkAt0iDw14QiiEm2bE30c5XX5q0FtAA3CK5f9/BUg==}
    engines: {node: '>=12'}

  dom-serializer@2.0.0:
    resolution: {integrity: sha512-wIkAryiqt/nV5EQKqQpo3SToSOV9J0DnbJqwK7Wv/Trc92zIAYZ4FlMu+JPFW1DfGFt81ZTCGgDEabffXeLyJg==}

  domelementtype@2.3.0:
    resolution: {integrity: sha512-OLETBj6w0OsagBwdXnPdN0cnMfF9opN69co+7ZrbfPGrdpPVNBUj02spi6B1N7wChLQiPn4CSH/zJvXw56gmHw==}

  domhandler@5.0.3:
    resolution: {integrity: sha512-cgwlv/1iFQiFnU96XXgROh8xTeetsnJiDsTc7TYCLFd9+/WNkIqPTxiM/8pSd8VIrhXGTf1Ny1q1hquVqDJB5w==}
    engines: {node: '>= 4'}

  domutils@3.2.2:
    resolution: {integrity: sha512-6kZKyUajlDuqlHKVX1w7gyslj9MPIXzIFiz/rGu35uC1wMi+kMhQwGhl4lt9unC9Vb9INnY9Z3/ZA3+FhASLaw==}

  entities@4.5.0:
    resolution: {integrity: sha512-V0hjH4dGPh9Ao5p0MoRY6BVqtwCjhz6vI5LT8AJ55H+4g9/4vbHx1I54fS0XuclLhDHArPQCiMjDxjaL8fPxhw==}
    engines: {node: '>=0.12'}

  esbuild@0.24.2:
    resolution: {integrity: sha512-+9egpBW8I3CD5XPe0n6BfT5fxLzxrlDzqydF3aviG+9ni1lDC/OvMHcxqEFV0+LANZG5R1bFMWfUrjVsdwxJvA==}
    engines: {node: '>=18'}
    hasBin: true

  estree-walker@2.0.2:
    resolution: {integrity: sha512-Rfkk/Mp/DL7JVje3u18FxFujQlTNR2q6QfMSMB7AvCBx91NGj/ba3kCfza0f6dVDbw7YlRf/nDrn7pQrCCyQ/w==}

  file-saver@2.0.5:
    resolution: {integrity: sha512-P9bmyZ3h/PRG+Nzga+rbdI4OEpNDzAVyy74uVO9ATgzLK6VtAsYybF/+TOCvrc0MO793d6+42lLyZTw7/ArVzA==}

  fsevents@2.3.3:
    resolution: {integrity: sha512-5xoDfX+fL7faATnagmWPpbFtwh/R77WmMMqqHGS65C3vvB0YHrgF+B1YmZ3441tMj5n63k0212XNoJwzlhffQw==}
    engines: {node: ^8.16.0 || ^10.6.0 || >=11.0.0}
    os: [darwin]

  htmlparser2@9.1.0:
    resolution: {integrity: sha512-5zfg6mHUoaer/97TxnGpxmbR7zJtPwIYFMZ/H5ucTlPZhKvtum05yiPK3Mgai3a0DyVxv7qYqoweaEd2nrYQzQ==}

  immediate@3.0.6:
    resolution: {integrity: sha512-XXOFtyqDjNDAQxVfYxuF7g9Il/IbWmmlQg2MYKOH8ExIT1qg6xc4zyS3HaEEATgs1btfzxq15ciUiY7gjSXRGQ==}

  import-meta-resolve@4.1.0:
    resolution: {integrity: sha512-I6fiaX09Xivtk+THaMfAwnA3MVA5Big1WHF1Dfx9hFuvNIWpXnorlkzhcQf6ehrqQiiZECRt1poOAkPmer3ruw==}

  inherits@2.0.4:
    resolution: {integrity: sha512-k/vGaX4/Yla3WzyMCvTQOXYeIHvqOKtnqBduzTHpzpQZzAskKMhZ2K+EnBiSM9zGSoIFeMpXKxa4dYeZIQqewQ==}

  is-docker@3.0.0:
    resolution: {integrity: sha512-eljcgEDlEns/7AXFosB5K/2nCM4P7FQPkGc/DWLy5rmFEWvZayGrik1d9/QIY5nJ4f9YsVvBkA6kJpHn9rISdQ==}
    engines: {node: ^12.20.0 || ^14.13.1 || >=16.0.0}
    hasBin: true

  is-inside-container@1.0.0:
    resolution: {integrity: sha512-KIYLCCJghfHZxqjYBE7rEy0OBuTd5xCHS7tHVgvCLkx7StIoaxwNW3hCALgEUjFfeRk+MG/Qxmp/vtETEF3tRA==}
    engines: {node: '>=14.16'}
    hasBin: true

  is-promise@4.0.0:
    resolution: {integrity: sha512-hvpoI6korhJMnej285dSg6nu1+e6uxs7zG3BYAm5byqDsgJNWwxzM6z6iZiAgQR4TJ30JmBTOwqZUw3WlyH3AQ==}

  is-wsl@3.1.0:
    resolution: {integrity: sha512-UcVfVfaK4Sc4m7X3dUSoHoozQGBEFeDC+zVo06t98xe8CzHSZZBekNXH+tu0NalHolcJ/QAGqS46Hef7QXBIMw==}
    engines: {node: '>=16'}

  isarray@1.0.0:
    resolution: {integrity: sha512-VLghIWNM6ELQzo7zwmcg0NmTVyWKYjvIeM83yjp0wRDTmUnrM678fQbcKBo6n2CJEF0szoG//ytg+TKla89ALQ==}

  isexe@2.0.0:
    resolution: {integrity: sha512-RHxMLp9lnKHGHRng9QFhRCMbYAcVpn69smSGcq3f36xjgVVWThj4qqLbTLlq7Ssj8B+fIQ1EuCEGI2lKsyQeIw==}

  js-base64@3.7.7:
    resolution: {integrity: sha512-7rCnleh0z2CkXhH67J8K1Ytz0b2Y+yxTPL+/KOJoa20hfnVQ/3/T6W/KflYI4bRHRagNeXeU2bkNGI3v1oS/lw==}

  json5@2.2.3:
    resolution: {integrity: sha512-XmOWe7eyHYH14cLdVPoyg+GOH3rYX++KpzrylJwSW98t3Nk+U8XOl8FWKOgwtzdb8lXGf6zYwDUzeHMWfxasyg==}
    engines: {node: '>=6'}
    hasBin: true

  jszip@3.10.1:
    resolution: {integrity: sha512-xXDvecyTpGLrqFrvkrUSoxxfJI5AH7U8zxxtVclpsUtMCq4JQ290LY8AW5c7Ggnr/Y/oK+bQMbqK2qmtk3pN4g==}

  lie@3.1.1:
    resolution: {integrity: sha512-RiNhHysUjhrDQntfYSfY4MU24coXXdEOgw9WGcKHNeEwffDYbF//u87M1EWaMGzuFoSbqW0C9C6lEEhDOAswfw==}

  lie@3.3.0:
    resolution: {integrity: sha512-UaiMJzeWRlEujzAuw5LokY1L5ecNQYZKfmyZ9L7wDHb/p5etKaxXhohBcrw0EYby+G/NA52vRSN4N39dxHAIwQ==}

  lit-element@4.1.1:
    resolution: {integrity: sha512-HO9Tkkh34QkTeUmEdNYhMT8hzLid7YlMlATSi1q4q17HE5d9mrrEHJ/o8O2D0cMi182zK1F3v7x0PWFjrhXFew==}

  lit-html@3.2.1:
    resolution: {integrity: sha512-qI/3lziaPMSKsrwlxH/xMgikhQ0EGOX2ICU73Bi/YHFvz2j/yMCIrw4+puF2IpQ4+upd3EWbvnHM9+PnJn48YA==}

  lit@3.2.1:
    resolution: {integrity: sha512-1BBa1E/z0O9ye5fZprPtdqnc0BFzxIxTTOO/tQFmyC/hj1O3jL4TfmLBw0WEwjAokdLwpclkvGgDJwTIh0/22w==}

  localforage@1.10.0:
    resolution: {integrity: sha512-14/H1aX7hzBBmmh7sGPd+AOMkkIrHM3Z1PAyGgZigA1H1p5O5ANnMyWzvpAETtG68/dC4pC0ncy3+PPGzXZHPg==}

  magic-string@0.30.17:
    resolution: {integrity: sha512-sNPKHvyjVf7gyjwS4xGTaW/mCnF8wnjtifKBEhxfZ7E/S8tQ0rssrwGNn6q8JH/ohItJfSQp9mBtQYuTlH5QnA==}

  mdui@2.1.3:
    resolution: {integrity: sha512-rBaFJYPloaWcHSem9PCD3AT3nyjO072M9HCOGifGxmhVE0QYABtzdiActf9BvgbTMOrIPdlCyPKF+JVW/b6G4Q==}

  mrmime@2.0.0:
    resolution: {integrity: sha512-eu38+hdgojoyq63s+yTpN4XMBdt5l8HhMhc4VKLO9KM5caLIBvUm4thi7fFaxyTmCKeNnXZ5pAlBwCUnhA09uw==}
    engines: {node: '>=10'}

  nanoid@3.3.8:
    resolution: {integrity: sha512-WNLf5Sd8oZxOm+TzppcYk8gVOgP+l58xNy58D0nbUnOxOWRWvlcCV4kUF7ltmI6PsrLl/BgKEyS4mqsGChFN0w==}
    engines: {node: ^10 || ^12 || ^13.7 || ^14 || >=15.0.1}
    hasBin: true

  open@10.1.0:
    resolution: {integrity: sha512-mnkeQ1qP5Ue2wd+aivTD3NHd/lZ96Lu0jgf0pwktLPtx6cTZiH7tyeGRRHs0zX0rbrahXPnXlUnbeXyaBBuIaw==}
    engines: {node: '>=18'}

  pako@1.0.11:
    resolution: {integrity: sha512-4hLB8Py4zZce5s4yd9XzopqwVv/yGNhV1Bl8NTmCq1763HeK2+EwVTv+leGeL13Dnh2wfbqowVPXCIO0z4taYw==}

  path-key@3.1.1:
    resolution: {integrity: sha512-ojmeN0qd+y0jszEtoY48r0Peq5dwMEkIlCOu6Q5f41lfkswXuKtYrhgoTpLnyIcHm24Uhqx+5Tqm2InSwLhE6Q==}
    engines: {node: '>=8'}

  picocolors@1.1.1:
    resolution: {integrity: sha512-xceH2snhtb5M9liqDsmEw56le376mTZkEX/jEb/RxNFyegNul7eNslCXP9FDj/Lcu0X8KEyMceP2ntpaHrDEVA==}

  postcss@8.4.49:
    resolution: {integrity: sha512-OCVPnIObs4N29kxTjzLfUryOkvZEq+pf8jTF0lg8E7uETuWHA+v7j3c/xJmiqpX450191LlmZfUKkXxkTry7nA==}
    engines: {node: ^10 || ^12 || >=14}

  process-nextick-args@2.0.1:
    resolution: {integrity: sha512-3ouUOpQhtgrbOa17J7+uxOTpITYWaGP7/AhoR3+A+/1e9skrzelGi/dXzEYyvbxubEF6Wn2ypscTKiKJFFn1ag==}

  readable-stream@2.3.8:
    resolution: {integrity: sha512-8p0AUk4XODgIewSi0l8Epjs+EVnWiK7NoDIEGU0HhE7+ZyY8D1IMY7odu5lRrFXGg71L15KG8QrPmum45RTtdA==}

  rollup@4.30.1:
    resolution: {integrity: sha512-mlJ4glW020fPuLi7DkM/lN97mYEZGWeqBnrljzN0gs7GLctqX3lNWxKQ7Gl712UAX+6fog/L3jh4gb7R6aVi3w==}
    engines: {node: '>=18.0.0', npm: '>=8.0.0'}
    hasBin: true

  run-applescript@7.0.0:
    resolution: {integrity: sha512-9by4Ij99JUr/MCFBUkDKLWK3G9HVXmabKz9U5MlIAIuvuzkiOicRYs8XJLxX+xahD+mLiiCYDqF9dKAgtzKP1A==}
    engines: {node: '>=18'}

  safe-buffer@5.1.2:
    resolution: {integrity: sha512-Gd2UZBJDkXlY7GbJxfsE8/nvKkUEU1G38c1siN6QP6a9PT9MmHB8GnpscSmMJSoF8LOIrt8ud/wPtojys4G6+g==}

  setimmediate@1.0.5:
    resolution: {integrity: sha512-MATJdZp8sLqDl/68LfQmbP8zKPLQNV6BIZoIgrscFDQ+RsvK/BxeDQOgyxKKoh0y/8h3BqVFnCqQ/gd+reiIXA==}

  shebang-command@2.0.0:
    resolution: {integrity: sha512-kHxr2zZpYtdmrN1qDjrrX/Z1rR1kG8Dx+gkpK1G4eXmvXswmcE1hTWBWYUzlraYw1/yZp6YuDY77YtvbN0dmDA==}
    engines: {node: '>=8'}

  shebang-regex@3.0.0:
    resolution: {integrity: sha512-7++dFhtcx3353uBaq8DDR4NuxBetBzC7ZQOhmTQInHEd6bSrXdiEyzCvG07Z44UYdLShWUyXt5M/yhz8ekcb1A==}
    engines: {node: '>=8'}

  source-map-js@1.2.1:
    resolution: {integrity: sha512-UXWMKhLOwVKb728IUtQPXxfYU+usdybtUrK/8uGE8CQMvrhOpwvzDBwj0QhSL7MQc7vIsISBG8VQ8+IDQxpfQA==}
    engines: {node: '>=0.10.0'}

  ssr-window@4.0.2:
    resolution: {integrity: sha512-ISv/Ch+ig7SOtw7G2+qkwfVASzazUnvlDTwypdLoPoySv+6MqlOV10VwPSE6EWkGjhW50lUmghPmpYZXMu/+AQ==}

  string_decoder@1.1.1:
    resolution: {integrity: sha512-n/ShnvDi6FHbbVfviro+WojiFzv+s8MPMHBczVePfUpDJLwoLT0ht1l4YwBCbi8pJAveEEdnkHyPyTP/mzRfwg==}

  systemjs@6.15.1:
    resolution: {integrity: sha512-Nk8c4lXvMB98MtbmjX7JwJRgJOL8fluecYCfCeYBznwmpOs8Bf15hLM6z4z71EDAhQVrQrI+wt1aLWSXZq+hXA==}

  tslib@2.8.1:
    resolution: {integrity: sha512-oJFu94HQb+KVduSUQL7wnpmqnfmLsOA/nAh6b6EH0wCEoK0/mPeXU6c3wKDV83MkOuHPRHtSXKKU99IBazS/2w==}

  typescript@5.7.3:
    resolution: {integrity: sha512-84MVSjMEHP+FQRPy3pX9sTVV/INIex71s9TL2Gm5FG/WG1SqXeKyZ0k7/blY/4FdOzI12CBy1vGc4og/eus0fw==}
    engines: {node: '>=14.17'}
    hasBin: true

  util-deprecate@1.0.2:
    resolution: {integrity: sha512-EPD5q1uXyFxJpCrLnCc1nHnq3gOa6DZBocAIiI2TaSCA7VCJ1UJDMagCzIkXNsUYfD1daK//LTEQ8xiIbrHtcw==}

  vite-plugin-monkey@5.0.5:
    resolution: {integrity: sha512-zhqChSckAHniYY9f7qpS0mETW7PAedIVja44CA0eahJk31rHL9tCjXCBqOd50mMJKHEtbOu0MHjfeYmaKz1hZg==}
    peerDependencies:
      vite: ^5.4.11 || ^6.0.0
    peerDependenciesMeta:
      vite:
        optional: true

  vite@6.0.7:
    resolution: {integrity: sha512-RDt8r/7qx9940f8FcOIAH9PTViRrghKaK2K1jY3RaAURrEUbm9Du1mJ72G+jlhtG3WwodnfzY8ORQZbBavZEAQ==}
    engines: {node: ^18.0.0 || ^20.0.0 || >=22.0.0}
    hasBin: true
    peerDependencies:
      '@types/node': ^18.0.0 || ^20.0.0 || >=22.0.0
      jiti: '>=1.21.0'
      less: '*'
      lightningcss: ^1.21.0
      sass: '*'
      sass-embedded: '*'
      stylus: '*'
      sugarss: '*'
      terser: ^5.16.0
      tsx: ^4.8.1
      yaml: ^2.4.2
    peerDependenciesMeta:
      '@types/node':
        optional: true
      jiti:
        optional: true
      less:
        optional: true
      lightningcss:
        optional: true
      sass:
        optional: true
      sass-embedded:
        optional: true
      stylus:
        optional: true
      sugarss:
        optional: true
      terser:
        optional: true
      tsx:
        optional: true
      yaml:
        optional: true

  vue@3.5.13:
    resolution: {integrity: sha512-wmeiSMxkZCSc+PM2w2VRsOYAZC8GdipNFRTsLSfodVqI9mbejKeXEGr8SckuLnrQPGe3oJN5c3K0vpoU9q/wCQ==}
    peerDependencies:
      typescript: '*'
    peerDependenciesMeta:
      typescript:
        optional: true

  which@2.0.2:
    resolution: {integrity: sha512-BLI3Tl1TW3Pvl70l3yq3Y64i+awpwXqsGBYWkkqMtnbXgrMD+yj7rhW0kuEDxzJaYXGjEW5ogapKNMEKNMjibA==}
    engines: {node: '>= 8'}
    hasBin: true

snapshots:

  '@babel/helper-string-parser@7.25.9': {}

  '@babel/helper-validator-identifier@7.25.9': {}

  '@babel/parser@7.26.5':
    dependencies:
      '@babel/types': 7.26.5

  '@babel/types@7.26.5':
    dependencies:
      '@babel/helper-string-parser': 7.25.9
      '@babel/helper-validator-identifier': 7.25.9

  '@esbuild/aix-ppc64@0.24.2':
    optional: true

  '@esbuild/android-arm64@0.24.2':
    optional: true

  '@esbuild/android-arm@0.24.2':
    optional: true

  '@esbuild/android-x64@0.24.2':
    optional: true

  '@esbuild/darwin-arm64@0.24.2':
    optional: true

  '@esbuild/darwin-x64@0.24.2':
    optional: true

  '@esbuild/freebsd-arm64@0.24.2':
    optional: true

  '@esbuild/freebsd-x64@0.24.2':
    optional: true

  '@esbuild/linux-arm64@0.24.2':
    optional: true

  '@esbuild/linux-arm@0.24.2':
    optional: true

  '@esbuild/linux-ia32@0.24.2':
    optional: true

  '@esbuild/linux-loong64@0.24.2':
    optional: true

  '@esbuild/linux-mips64el@0.24.2':
    optional: true

  '@esbuild/linux-ppc64@0.24.2':
    optional: true

  '@esbuild/linux-riscv64@0.24.2':
    optional: true

  '@esbuild/linux-s390x@0.24.2':
    optional: true

  '@esbuild/linux-x64@0.24.2':
    optional: true

  '@esbuild/netbsd-arm64@0.24.2':
    optional: true

  '@esbuild/netbsd-x64@0.24.2':
    optional: true

  '@esbuild/openbsd-arm64@0.24.2':
    optional: true

  '@esbuild/openbsd-x64@0.24.2':
    optional: true

  '@esbuild/sunos-x64@0.24.2':
    optional: true

  '@esbuild/win32-arm64@0.24.2':
    optional: true

  '@esbuild/win32-ia32@0.24.2':
    optional: true

  '@esbuild/win32-x64@0.24.2':
    optional: true

  '@floating-ui/utils@0.2.9': {}

  '@gkd-kit/api@0.6.0': {}

  '@jridgewell/sourcemap-codec@1.5.0': {}

  '@lit-labs/ssr-dom-shim@1.3.0': {}

  '@lit/localize@0.12.2':
    dependencies:
      lit: 3.2.1

  '@lit/reactive-element@2.0.4':
    dependencies:
      '@lit-labs/ssr-dom-shim': 1.3.0

  '@material/material-color-utilities@0.3.0': {}

  '@mdui/jq@3.0.2':
    dependencies:
      ssr-window: 4.0.2
      tslib: 2.8.1

  '@mdui/shared@1.0.7':
    dependencies:
      '@lit/reactive-element': 2.0.4
      '@mdui/jq': 3.0.2
      lit: 3.2.1
      ssr-window: 4.0.2
      tslib: 2.8.1

  '@rollup/rollup-android-arm-eabi@4.30.1':
    optional: true

  '@rollup/rollup-android-arm64@4.30.1':
    optional: true

  '@rollup/rollup-darwin-arm64@4.30.1':
    optional: true

  '@rollup/rollup-darwin-x64@4.30.1':
    optional: true

  '@rollup/rollup-freebsd-arm64@4.30.1':
    optional: true

  '@rollup/rollup-freebsd-x64@4.30.1':
    optional: true

  '@rollup/rollup-linux-arm-gnueabihf@4.30.1':
    optional: true

  '@rollup/rollup-linux-arm-musleabihf@4.30.1':
    optional: true

  '@rollup/rollup-linux-arm64-gnu@4.30.1':
    optional: true

  '@rollup/rollup-linux-arm64-musl@4.30.1':
    optional: true

  '@rollup/rollup-linux-loongarch64-gnu@4.30.1':
    optional: true

  '@rollup/rollup-linux-powerpc64le-gnu@4.30.1':
    optional: true

  '@rollup/rollup-linux-riscv64-gnu@4.30.1':
    optional: true

  '@rollup/rollup-linux-s390x-gnu@4.30.1':
    optional: true

  '@rollup/rollup-linux-x64-gnu@4.30.1':
    optional: true

  '@rollup/rollup-linux-x64-musl@4.30.1':
    optional: true

  '@rollup/rollup-win32-arm64-msvc@4.30.1':
    optional: true

  '@rollup/rollup-win32-ia32-msvc@4.30.1':
    optional: true

  '@rollup/rollup-win32-x64-msvc@4.30.1':
    optional: true

  '@types/estree@1.0.6': {}

  '@types/file-saver@2.0.7': {}

  '@types/trusted-types@2.0.7': {}

  '@vitejs/plugin-vue@5.2.1(vite@6.0.7)(vue@3.5.13(typescript@5.7.3))':
    dependencies:
      vite: 6.0.7
      vue: 3.5.13(typescript@5.7.3)

  '@vue/compiler-core@3.5.13':
    dependencies:
      '@babel/parser': 7.26.5
      '@vue/shared': 3.5.13
      entities: 4.5.0
      estree-walker: 2.0.2
      source-map-js: 1.2.1

  '@vue/compiler-dom@3.5.13':
    dependencies:
      '@vue/compiler-core': 3.5.13
      '@vue/shared': 3.5.13

  '@vue/compiler-sfc@3.5.13':
    dependencies:
      '@babel/parser': 7.26.5
      '@vue/compiler-core': 3.5.13
      '@vue/compiler-dom': 3.5.13
      '@vue/compiler-ssr': 3.5.13
      '@vue/shared': 3.5.13
      estree-walker: 2.0.2
      magic-string: 0.30.17
      postcss: 8.4.49
      source-map-js: 1.2.1

  '@vue/compiler-ssr@3.5.13':
    dependencies:
      '@vue/compiler-dom': 3.5.13
      '@vue/shared': 3.5.13

  '@vue/reactivity@3.5.13':
    dependencies:
      '@vue/shared': 3.5.13

  '@vue/runtime-core@3.5.13':
    dependencies:
      '@vue/reactivity': 3.5.13
      '@vue/shared': 3.5.13

  '@vue/runtime-dom@3.5.13':
    dependencies:
      '@vue/reactivity': 3.5.13
      '@vue/runtime-core': 3.5.13
      '@vue/shared': 3.5.13
      csstype: 3.1.3

  '@vue/server-renderer@3.5.13(vue@3.5.13(typescript@5.7.3))':
    dependencies:
      '@vue/compiler-ssr': 3.5.13
      '@vue/shared': 3.5.13
      vue: 3.5.13(typescript@5.7.3)

  '@vue/shared@3.5.13': {}

  acorn-walk@8.3.4:
    dependencies:
      acorn: 8.14.0

  acorn@8.14.0: {}

  browser-fs-access@0.35.0: {}

  bundle-name@4.1.0:
    dependencies:
      run-applescript: 7.0.0

  classcat@5.0.5: {}

  core-util-is@1.0.3: {}

  cross-spawn@7.0.6:
    dependencies:
      path-key: 3.1.1
      shebang-command: 2.0.0
      which: 2.0.2

  csstype@3.1.3: {}

  default-browser-id@5.0.0: {}

  default-browser@5.2.1:
    dependencies:
      bundle-name: 4.1.0
      default-browser-id: 5.0.0

  define-lazy-prop@3.0.0: {}

  dom-serializer@2.0.0:
    dependencies:
      domelementtype: 2.3.0
      domhandler: 5.0.3
      entities: 4.5.0

  domelementtype@2.3.0: {}

  domhandler@5.0.3:
    dependencies:
      domelementtype: 2.3.0

  domutils@3.2.2:
    dependencies:
      dom-serializer: 2.0.0
      domelementtype: 2.3.0
      domhandler: 5.0.3

  entities@4.5.0: {}

  esbuild@0.24.2:
    optionalDependencies:
      '@esbuild/aix-ppc64': 0.24.2
      '@esbuild/android-arm': 0.24.2
      '@esbuild/android-arm64': 0.24.2
      '@esbuild/android-x64': 0.24.2
      '@esbuild/darwin-arm64': 0.24.2
      '@esbuild/darwin-x64': 0.24.2
      '@esbuild/freebsd-arm64': 0.24.2
      '@esbuild/freebsd-x64': 0.24.2
      '@esbuild/linux-arm': 0.24.2
      '@esbuild/linux-arm64': 0.24.2
      '@esbuild/linux-ia32': 0.24.2
      '@esbuild/linux-loong64': 0.24.2
      '@esbuild/linux-mips64el': 0.24.2
      '@esbuild/linux-ppc64': 0.24.2
      '@esbuild/linux-riscv64': 0.24.2
      '@esbuild/linux-s390x': 0.24.2
      '@esbuild/linux-x64': 0.24.2
      '@esbuild/netbsd-arm64': 0.24.2
      '@esbuild/netbsd-x64': 0.24.2
      '@esbuild/openbsd-arm64': 0.24.2
      '@esbuild/openbsd-x64': 0.24.2
      '@esbuild/sunos-x64': 0.24.2
      '@esbuild/win32-arm64': 0.24.2
      '@esbuild/win32-ia32': 0.24.2
      '@esbuild/win32-x64': 0.24.2

  estree-walker@2.0.2: {}

  file-saver@2.0.5: {}

  fsevents@2.3.3:
    optional: true

  htmlparser2@9.1.0:
    dependencies:
      domelementtype: 2.3.0
      domhandler: 5.0.3
      domutils: 3.2.2
      entities: 4.5.0

  immediate@3.0.6: {}

  import-meta-resolve@4.1.0: {}

  inherits@2.0.4: {}

  is-docker@3.0.0: {}

  is-inside-container@1.0.0:
    dependencies:
      is-docker: 3.0.0

  is-promise@4.0.0: {}

  is-wsl@3.1.0:
    dependencies:
      is-inside-container: 1.0.0

  isarray@1.0.0: {}

  isexe@2.0.0: {}

  js-base64@3.7.7: {}

  json5@2.2.3: {}

  jszip@3.10.1:
    dependencies:
      lie: 3.3.0
      pako: 1.0.11
      readable-stream: 2.3.8
      setimmediate: 1.0.5

  lie@3.1.1:
    dependencies:
      immediate: 3.0.6

  lie@3.3.0:
    dependencies:
      immediate: 3.0.6

  lit-element@4.1.1:
    dependencies:
      '@lit-labs/ssr-dom-shim': 1.3.0
      '@lit/reactive-element': 2.0.4
      lit-html: 3.2.1

  lit-html@3.2.1:
    dependencies:
      '@types/trusted-types': 2.0.7

  lit@3.2.1:
    dependencies:
      '@lit/reactive-element': 2.0.4
      lit-element: 4.1.1
      lit-html: 3.2.1

  localforage@1.10.0:
    dependencies:
      lie: 3.1.1

  magic-string@0.30.17:
    dependencies:
      '@jridgewell/sourcemap-codec': 1.5.0

  mdui@2.1.3:
    dependencies:
      '@floating-ui/utils': 0.2.9
      '@lit/localize': 0.12.2
      '@lit/reactive-element': 2.0.4
      '@material/material-color-utilities': 0.3.0
      '@mdui/jq': 3.0.2
      '@mdui/shared': 1.0.7
      classcat: 5.0.5
      is-promise: 4.0.0
      lit: 3.2.1
      ssr-window: 4.0.2
      tslib: 2.8.1

  mrmime@2.0.0: {}

  nanoid@3.3.8: {}

  open@10.1.0:
    dependencies:
      default-browser: 5.2.1
      define-lazy-prop: 3.0.0
      is-inside-container: 1.0.0
      is-wsl: 3.1.0

  pako@1.0.11: {}

  path-key@3.1.1: {}

  picocolors@1.1.1: {}

  postcss@8.4.49:
    dependencies:
      nanoid: 3.3.8
      picocolors: 1.1.1
      source-map-js: 1.2.1

  process-nextick-args@2.0.1: {}

  readable-stream@2.3.8:
    dependencies:
      core-util-is: 1.0.3
      inherits: 2.0.4
      isarray: 1.0.0
      process-nextick-args: 2.0.1
      safe-buffer: 5.1.2
      string_decoder: 1.1.1
      util-deprecate: 1.0.2

  rollup@4.30.1:
    dependencies:
      '@types/estree': 1.0.6
    optionalDependencies:
      '@rollup/rollup-android-arm-eabi': 4.30.1
      '@rollup/rollup-android-arm64': 4.30.1
      '@rollup/rollup-darwin-arm64': 4.30.1
      '@rollup/rollup-darwin-x64': 4.30.1
      '@rollup/rollup-freebsd-arm64': 4.30.1
      '@rollup/rollup-freebsd-x64': 4.30.1
      '@rollup/rollup-linux-arm-gnueabihf': 4.30.1
      '@rollup/rollup-linux-arm-musleabihf': 4.30.1
      '@rollup/rollup-linux-arm64-gnu': 4.30.1
      '@rollup/rollup-linux-arm64-musl': 4.30.1
      '@rollup/rollup-linux-loongarch64-gnu': 4.30.1
      '@rollup/rollup-linux-powerpc64le-gnu': 4.30.1
      '@rollup/rollup-linux-riscv64-gnu': 4.30.1
      '@rollup/rollup-linux-s390x-gnu': 4.30.1
      '@rollup/rollup-linux-x64-gnu': 4.30.1
      '@rollup/rollup-linux-x64-musl': 4.30.1
      '@rollup/rollup-win32-arm64-msvc': 4.30.1
      '@rollup/rollup-win32-ia32-msvc': 4.30.1
      '@rollup/rollup-win32-x64-msvc': 4.30.1
      fsevents: 2.3.3

  run-applescript@7.0.0: {}

  safe-buffer@5.1.2: {}

  setimmediate@1.0.5: {}

  shebang-command@2.0.0:
    dependencies:
      shebang-regex: 3.0.0

  shebang-regex@3.0.0: {}

  source-map-js@1.2.1: {}

  ssr-window@4.0.2: {}

  string_decoder@1.1.1:
    dependencies:
      safe-buffer: 5.1.2

  systemjs@6.15.1: {}

  tslib@2.8.1: {}

  typescript@5.7.3: {}

  util-deprecate@1.0.2: {}

  vite-plugin-monkey@5.0.5(vite@6.0.7):
    dependencies:
      acorn-walk: 8.3.4
      cross-spawn: 7.0.6
      htmlparser2: 9.1.0
      import-meta-resolve: 4.1.0
      magic-string: 0.30.17
      mrmime: 2.0.0
      open: 10.1.0
      picocolors: 1.1.1
      systemjs: 6.15.1
    optionalDependencies:
      vite: 6.0.7

  vite@6.0.7:
    dependencies:
      esbuild: 0.24.2
      postcss: 8.4.49
      rollup: 4.30.1
    optionalDependencies:
      fsevents: 2.3.3

  vue@3.5.13(typescript@5.7.3):
    dependencies:
      '@vue/compiler-dom': 3.5.13
      '@vue/compiler-sfc': 3.5.13
      '@vue/runtime-dom': 3.5.13
      '@vue/server-renderer': 3.5.13(vue@3.5.13(typescript@5.7.3))
      '@vue/shared': 3.5.13
    optionalDependencies:
      typescript: 5.7.3

  which@2.0.2:
    dependencies:
      isexe: 2.0.0
